NeoBundleLock neobundle.vim 26d03781886ed887e390d4ad8b935987754b1c2c
NeoBundleLock neocomplcache 778181767467b8f8016828898779a646074d883a
NeoBundleLock nerdtree 8a6ae7c6338378b6bb28ad0cf03e71ff0fd11a5a
NeoBundleLock vim-autoclose a9a3b7384657bc1f60a963fd6c08c63fc48d61c3
NeoBundleLock vim-jsdoc a164cb4c14b9063e82b6ccba96b4bc8b3a6d8f73
NeoBundleLock vim-node 13b31218447335e176d46dd5f497b274f7f49595
NeoBundleLock vim-nodejs-complete 1e2f98f4366c6dec27fa8df72971fa9fa33e9f07
